
Microsoft Visual Studio Solution File, Format Version 12.00
# Visual Studio Version 16
VisualStudioVersion = 16.0.32802.440
MinimumVisualStudioVersion = 10.0.40219.1
Project("{9A19103F-16F7-4668-BE54-9A1E7A4F7556}") = "TP2-420-14B-FX", "420-14B-FX-TP2\TP2-420-14B-FX.csproj", "{67028641-5E0B-4BC6-B185-5D4A9B44BEAA}"
EndProject
Project("{9A19103F-16F7-4668-BE54-9A1E7A4F7556}") = "TP2-420-14B-FX-TestsUnitaires", "TP2-420-14B-FX-TestsUnitaires\TP2-420-14B-FX-TestsUnitaires.csproj", "{D01C2874-4F40-44BF-99B2-8A8D6A30F2AD}"
EndProject
Global
	GlobalSection(SolutionConfigurationPlatforms) = preSolution
		Debug|Any CPU = Debug|Any CPU
		Release|Any CPU = Release|Any CPU
	EndGlobalSection
	GlobalSection(ProjectConfigurationPlatforms) = postSolution
		{67028641-5E0B-4BC6-B185-5D4A9B44BEAA}.Debug|Any CPU.ActiveCfg = Debug|Any CPU
		{67028641-5E0B-4BC6-B185-5D4A9B44BEAA}.Debug|Any CPU.Build.0 = Debug|Any CPU
		{67028641-5E0B-4BC6-B185-5D4A9B44BEAA}.Release|Any CPU.ActiveCfg = Release|Any CPU
		{67028641-5E0B-4BC6-B185-5D4A9B44BEAA}.Release|Any CPU.Build.0 = Release|Any CPU
		{D01C2874-4F40-44BF-99B2-8A8D6A30F2AD}.Debug|Any CPU.ActiveCfg = Debug|Any CPU
		{D01C2874-4F40-44BF-99B2-8A8D6A30F2AD}.Debug|Any CPU.Build.0 = Debug|Any CPU
		{D01C2874-4F40-44BF-99B2-8A8D6A30F2AD}.Release|Any CPU.ActiveCfg = Release|Any CPU
		{D01C2874-4F40-44BF-99B2-8A8D6A30F2AD}.Release|Any CPU.Build.0 = Release|Any CPU
	EndGlobalSection
	GlobalSection(SolutionProperties) = preSolution
		HideSolutionNode = FALSE
	EndGlobalSection
	GlobalSection(ExtensibilityGlobals) = postSolution
		SolutionGuid = {888062A6-CF8F-48B6-8A90-F221FE90AC9F}
	EndGlobalSection
EndGlobal
